
Microsoft Visual Studio Solution File, Format Version 12.00
# Visual Studio Version 16
VisualStudioVersion = 16.0.29709.97
MinimumVisualStudioVersion = 10.0.40219.1
Project("{FAE04EC0-301F-11D3-BF4B-00C04F79EFBC}") = "UWPTutorialsInMSDN", "UWPTutorialsInMSDN.csproj", "{A01E613D-1683-4E5D-8B2A-58012391CAFC}"
EndProject
Global
	GlobalSection(SolutionConfigurationPlatforms) = preSolution
		Debug|ARM = Debug|ARM
		Debug|ARM64 = Debug|ARM64
		Debug|x64 = Debug|x64
		Debug|x86 = Debug|x86
		Release|ARM = Release|ARM
		Release|ARM64 = Release|ARM64
		Release|x64 = Release|x64
		Release|x86 = Release|x86
	EndGlobalSection
	GlobalSection(ProjectConfigurationPlatforms) = postSolution
		{A01E613D-1683-4E5D-8B2A-58012391CAFC}.Debug|ARM.ActiveCfg = Debug|ARM
		{A01E613D-1683-4E5D-8B2A-58012391CAFC}.Debug|ARM.Build.0 = Debug|ARM
		{A01E613D-1683-4E5D-8B2A-58012391CAFC}.Debug|ARM.Deploy.0 = Debug|ARM
		{A01E613D-1683-4E5D-8B2A-58012391CAFC}.Debug|ARM64.ActiveCfg = Debug|ARM64
		{A01E613D-1683-4E5D-8B2A-58012391CAFC}.Debug|ARM64.Build.0 = Debug|ARM64
		{A01E613D-1683-4E5D-8B2A-58012391CAFC}.Debug|ARM64.Deploy.0 = Debug|ARM64
		{A01E613D-1683-4E5D-8B2A-58012391CAFC}.Debug|x64.ActiveCfg = Debug|x64
		{A01E613D-1683-4E5D-8B2A-58012391CAFC}.Debug|x64.Build.0 = Debug|x64
		{A01E613D-1683-4E5D-8B2A-58012391CAFC}.Debug|x64.Deploy.0 = Debug|x64
		{A01E613D-1683-4E5D-8B2A-58012391CAFC}.Debug|x86.ActiveCfg = Debug|x86
		{A01E613D-1683-4E5D-8B2A-58012391CAFC}.Debug|x86.Build.0 = Debug|x86
		{A01E613D-1683-4E5D-8B2A-58012391CAFC}.Debug|x86.Deploy.0 = Debug|x86
		{A01E613D-1683-4E5D-8B2A-58012391CAFC}.Release|ARM.ActiveCfg = Release|ARM
		{A01E613D-1683-4E5D-8B2A-58012391CAFC}.Release|ARM.Build.0 = Release|ARM
		{A01E613D-1683-4E5D-8B2A-58012391CAFC}.Release|ARM.Deploy.0 = Release|ARM
		{A01E613D-1683-4E5D-8B2A-58012391CAFC}.Release|ARM64.ActiveCfg = Release|ARM64
		{A01E613D-1683-4E5D-8B2A-58012391CAFC}.Release|ARM64.Build.0 = Release|ARM64
		{A01E613D-1683-4E5D-8B2A-58012391CAFC}.Release|ARM64.Deploy.0 = Release|ARM64
		{A01E613D-1683-4E5D-8B2A-58012391CAFC}.Release|x64.ActiveCfg = Release|x64
		{A01E613D-1683-4E5D-8B2A-58012391CAFC}.Release|x64.Build.0 = Release|x64
		{A01E613D-1683-4E5D-8B2A-58012391CAFC}.Release|x64.Deploy.0 = Release|x64
		{A01E613D-1683-4E5D-8B2A-58012391CAFC}.Release|x86.ActiveCfg = Release|x86
		{A01E613D-1683-4E5D-8B2A-58012391CAFC}.Release|x86.Build.0 = Release|x86
		{A01E613D-1683-4E5D-8B2A-58012391CAFC}.Release|x86.Deploy.0 = Release|x86
	EndGlobalSection
	GlobalSection(SolutionProperties) = preSolution
		HideSolutionNode = FALSE
	EndGlobalSection
	GlobalSection(ExtensibilityGlobals) = postSolution
		SolutionGuid = {7777B797-FC34-4596-B87B-ECB34F20A8BA}
	EndGlobalSection
EndGlobal
