
Microsoft Visual Studio Solution File, Format Version 12.00
# Visual Studio Version 16
VisualStudioVersion = 16.0.31410.357
MinimumVisualStudioVersion = 10.0.40219.1
Project("{FAE04EC0-301F-11D3-BF4B-00C04F79EFBC}") = "SampleXAudio2Core", "SampleXAudio2Core\SampleXAudio2Core.csproj", "{24E4F23A-B975-4ADC-99FD-8CA999AD208D}"
EndProject
Global
	GlobalSection(SolutionConfigurationPlatforms) = preSolution
		Debug|Any CPU = Debug|Any CPU
		Release|Any CPU = Release|Any CPU
	EndGlobalSection
	GlobalSection(ProjectConfigurationPlatforms) = postSolution
		{24E4F23A-B975-4ADC-99FD-8CA999AD208D}.Debug|Any CPU.ActiveCfg = Debug|Any CPU
		{24E4F23A-B975-4ADC-99FD-8CA999AD208D}.Debug|Any CPU.Build.0 = Debug|Any CPU
		{24E4F23A-B975-4ADC-99FD-8CA999AD208D}.Release|Any CPU.ActiveCfg = Release|Any CPU
		{24E4F23A-B975-4ADC-99FD-8CA999AD208D}.Release|Any CPU.Build.0 = Release|Any CPU
	EndGlobalSection
	GlobalSection(SolutionProperties) = preSolution
		HideSolutionNode = FALSE
	EndGlobalSection
	GlobalSection(ExtensibilityGlobals) = postSolution
		SolutionGuid = {48369F83-2679-402F-B3EE-269302A96F2F}
	EndGlobalSection
EndGlobal
